{
  "version": 4,
  "terraform_version": "1.12.1",
  "serial": 717,
  "lineage": "dcd8a916-66ea-d826-9333-b75d3cbd202b",
  "outputs": {},
  "resources": [
    {
      "module": "module.app_server",
      "mode": "managed",
      "type": "google_compute_region_autoscaler",
      "name": "autoscaler",
      "provider": "provider[\"registry.terraform.io/hashicorp/google\"]",
      "instances": [
        {
          "schema_version": 0,
          "attributes": {
            "autoscaling_policy": [
              {
                "cooldown_period": 60,
                "cpu_utilization": [
                  {
                    "predictive_method": "NONE",
                    "target": 0.6
                  }
                ],
                "load_balancing_utilization": [],
                "max_replicas": 2,
                "metric": [],
                "min_replicas": 1,
                "mode": "ON",
                "scale_in_control": [],
                "scaling_schedules": []
              }
            ],
            "creation_timestamp": "2025-06-19T01:05:41.418-07:00",
            "description": "",
            "id": "projects/gcp-2021-2-bookshelf-kumar-tf/regions/us-central1/autoscalers/bookshelf-vm-autoscaler",
            "name": "bookshelf-vm-autoscaler",
            "project": "gcp-2021-2-bookshelf-kumar-tf",
            "region": "us-central1",
            "self_link": "https://www.googleapis.com/compute/v1/projects/gcp-2021-2-bookshelf-kumar-tf/regions/us-central1/autoscalers/bookshelf-vm-autoscaler",
            "target": "https://www.googleapis.com/compute/v1/projects/gcp-2021-2-bookshelf-kumar-tf/regions/us-central1/instanceGroupManagers/bookshelf-managed-instance-group",
            "timeouts": null
          },
          "sensitive_attributes": [],
          "identity_schema_version": 0,
          "private": "eyJlMmJmYjczMC1lY2FhLTExZTYtOGY4OC0zNDM2M2JjN2M0YzAiOnsiY3JlYXRlIjoxMjAwMDAwMDAwMDAwLCJkZWxldGUiOjEyMDAwMDAwMDAwMDAsInVwZGF0ZSI6MTIwMDAwMDAwMDAwMH19",
          "dependencies": [
            "module.app_server.google_compute_region_instance_group_manager.appserver",
            "module.cloud_sql.google_compute_global_address.private_ip_alloc",
            "module.cloud_sql.google_service_networking_connection.private_vpc_connection",
            "module.cloud_sql.google_sql_database_instance.bookshelf_mysql_instance",
            "module.health_check.google_compute_health_check.bookshelf_health_check",
            "module.instance_template.google_compute_instance_template.instance_template",
            "module.vpc_network.google_compute_network.vpc_network",
            "module.vpc_network.google_compute_subnetwork.subnet"
          ]
        }
      ]
    },
    {
      "module": "module.app_server",
      "mode": "managed",
      "type": "google_compute_region_instance_group_manager",
      "name": "appserver",
      "provider": "provider[\"registry.terraform.io/hashicorp/google\"]",
      "instances": [
        {
          "schema_version": 0,
          "attributes": {
            "all_instances_config": [],
            "auto_healing_policies": [
              {
                "health_check": "https://www.googleapis.com/compute/v1/projects/gcp-2021-2-bookshelf-kumar-tf/global/healthChecks/bookshelf-health-check",
                "initial_delay_sec": 900
              }
            ],
            "base_instance_name": "bookshelf-vm",
            "creation_timestamp": "2025-06-19T01:04:42.106-07:00",
            "description": "",
            "distribution_policy_target_shape": "EVEN",
            "distribution_policy_zones": [
              "us-central1-a",
              "us-central1-b",
              "us-central1-c"
            ],
            "fingerprint": "2oMn8xzAwjo=",
            "id": "projects/gcp-2021-2-bookshelf-kumar-tf/regions/us-central1/instanceGroupManagers/bookshelf-managed-instance-group",
            "instance_flexibility_policy": [],
            "instance_group": "https://www.googleapis.com/compute/v1/projects/gcp-2021-2-bookshelf-kumar-tf/regions/us-central1/instanceGroups/bookshelf-managed-instance-group",
            "instance_group_manager_id": 8996890481602230901,
            "instance_lifecycle_policy": [
              {
                "default_action_on_failure": "REPAIR",
                "force_update_on_repair": "NO"
              }
            ],
            "list_managed_instances_results": "PAGELESS",
            "name": "bookshelf-managed-instance-group",
            "named_port": [
              {
                "name": "http",
                "port": 8080
              }
            ],
            "project": "gcp-2021-2-bookshelf-kumar-tf",
            "region": "us-central1",
            "self_link": "https://www.googleapis.com/compute/v1/projects/gcp-2021-2-bookshelf-kumar-tf/regions/us-central1/instanceGroupManagers/bookshelf-managed-instance-group",
            "standby_policy": [
              {
                "initial_delay_sec": 0,
                "mode": "MANUAL"
              }
            ],
            "stateful_disk": [],
            "stateful_external_ip": [],
            "stateful_internal_ip": [],
            "status": [
              {
                "all_instances_config": [
                  {
                    "current_revision": "",
                    "effective": true
                  }
                ],
                "is_stable": false,
                "stateful": [
                  {
                    "has_stateful_config": false,
                    "per_instance_configs": [
                      {
                        "all_effective": true
                      }
                    ]
                  }
                ],
                "version_target": [
                  {
                    "is_reached": true
                  }
                ]
              }
            ],
            "target_pools": null,
            "target_size": 1,
            "target_stopped_size": 0,
            "target_suspended_size": 0,
            "timeouts": null,
            "update_policy": [
              {
                "instance_redistribution_type": "PROACTIVE",
                "max_surge_fixed": 3,
                "max_surge_percent": 0,
                "max_unavailable_fixed": 3,
                "max_unavailable_percent": 0,
                "minimal_action": "REPLACE",
                "most_disruptive_allowed_action": "",
                "replacement_method": "SUBSTITUTE",
                "type": "PROACTIVE"
              }
            ],
            "version": [
              {
                "instance_template": "https://www.googleapis.com/compute/v1/projects/gcp-2021-2-bookshelf-kumar-tf/global/instanceTemplates/bookshelf-instance-template",
                "name": "",
                "target_size": []
              }
            ],
            "wait_for_instances": false,
            "wait_for_instances_status": "STABLE"
          },
          "sensitive_attributes": [],
          "identity_schema_version": 0,
          "private": "eyJlMmJmYjczMC1lY2FhLTExZTYtOGY4OC0zNDM2M2JjN2M0YzAiOnsiY3JlYXRlIjo5MDAwMDAwMDAwMDAsImRlbGV0ZSI6OTAwMDAwMDAwMDAwLCJ1cGRhdGUiOjkwMDAwMDAwMDAwMH19",
          "dependencies": [
            "module.cloud_sql.google_compute_global_address.private_ip_alloc",
            "module.cloud_sql.google_service_networking_connection.private_vpc_connection",
            "module.cloud_sql.google_sql_database_instance.bookshelf_mysql_instance",
            "module.health_check.google_compute_health_check.bookshelf_health_check",
            "module.instance_template.google_compute_instance_template.instance_template",
            "module.vpc_network.google_compute_network.vpc_network",
            "module.vpc_network.google_compute_subnetwork.subnet"
          ]
        }
      ]
    },
    {
      "module": "module.bucket_storage",
      "mode": "managed",
      "type": "google_storage_bucket",
      "name": "tf_bookshelf_bucket_kumar",
      "provider": "provider[\"registry.terraform.io/hashicorp/google\"]",
      "instances": [
        {
          "schema_version": 3,
          "attributes": {
            "autoclass": [],
            "cors": [],
            "custom_placement_config": [],
            "default_event_based_hold": false,
            "effective_labels": {
              "goog-terraform-provisioned": "true"
            },
            "enable_object_retention": false,
            "encryption": [],
            "force_destroy": true,
            "hierarchical_namespace": [
              {
                "enabled": false
              }
            ],
            "id": "tf-bookshelf-alok-kumar",
            "ip_filter": [],
            "labels": null,
            "lifecycle_rule": [],
            "location": "US",
            "logging": [],
            "name": "tf-bookshelf-alok-kumar",
            "project": "gcp-2021-2-bookshelf-kumar-tf",
            "project_number": 993898936386,
            "public_access_prevention": "inherited",
            "requester_pays": false,
            "retention_policy": [],
            "rpo": "DEFAULT",
            "self_link": "https://www.googleapis.com/storage/v1/b/tf-bookshelf-alok-kumar",
            "soft_delete_policy": [
              {
                "effective_time": "2025-06-19T07:57:36.317Z",
                "retention_duration_seconds": 604800
              }
            ],
            "storage_class": "STANDARD",
            "terraform_labels": {
              "goog-terraform-provisioned": "true"
            },
            "time_created": "2025-06-19T07:57:36.317Z",
            "timeouts": null,
            "uniform_bucket_level_access": true,
            "updated": "2025-06-19T07:57:36.317Z",
            "url": "gs://tf-bookshelf-alok-kumar",
            "versioning": [],
            "website": []
          },
          "sensitive_attributes": [],
          "identity_schema_version": 0,
          "private": "eyJlMmJmYjczMC1lY2FhLTExZTYtOGY4OC0zNDM2M2JjN2M0YzAiOnsiY3JlYXRlIjo2MDAwMDAwMDAwMDAsInJlYWQiOjI0MDAwMDAwMDAwMCwidXBkYXRlIjoyNDAwMDAwMDAwMDB9LCJzY2hlbWFfdmVyc2lvbiI6IjMifQ=="
        }
      ]
    },
    {
      "module": "module.bucket_storage",
      "mode": "managed",
      "type": "google_storage_bucket_iam_binding",
      "name": "public_read",
      "provider": "provider[\"registry.terraform.io/hashicorp/google\"]",
      "instances": [
        {
          "schema_version": 0,
          "attributes": {
            "bucket": "b/tf-bookshelf-alok-kumar",
            "condition": [],
            "etag": "CAI=",
            "id": "b/tf-bookshelf-alok-kumar/roles/storage.objectViewer",
            "members": [
              "allUsers"
            ],
            "role": "roles/storage.objectViewer"
          },
          "sensitive_attributes": [],
          "identity_schema_version": 0,
          "private": "bnVsbA==",
          "dependencies": [
            "module.bucket_storage.google_storage_bucket.tf_bookshelf_bucket_kumar"
          ]
        }
      ]
    },
    {
      "module": "module.cloud-nat",
      "mode": "managed",
      "type": "google_compute_router",
      "name": "router",
      "provider": "provider[\"registry.terraform.io/hashicorp/google\"]",
      "instances": [
        {
          "schema_version": 0,
          "attributes": {
            "bgp": [],
            "creation_timestamp": "2025-06-19T00:58:05.185-07:00",
            "description": "",
            "encrypted_interconnect_router": false,
            "id": "projects/gcp-2021-2-bookshelf-kumar-tf/regions/us-central1/routers/bookshelf-nat-router",
            "md5_authentication_keys": [],
            "name": "bookshelf-nat-router",
            "network": "https://www.googleapis.com/compute/v1/projects/gcp-2021-2-bookshelf-kumar-tf/global/networks/custom-vpc",
            "project": "gcp-2021-2-bookshelf-kumar-tf",
            "region": "us-central1",
            "self_link": "https://www.googleapis.com/compute/v1/projects/gcp-2021-2-bookshelf-kumar-tf/regions/us-central1/routers/bookshelf-nat-router",
            "timeouts": null
          },
          "sensitive_attributes": [],
          "identity_schema_version": 0,
          "private": "eyJlMmJmYjczMC1lY2FhLTExZTYtOGY4OC0zNDM2M2JjN2M0YzAiOnsiY3JlYXRlIjoxMjAwMDAwMDAwMDAwLCJkZWxldGUiOjEyMDAwMDAwMDAwMDAsInVwZGF0ZSI6MTIwMDAwMDAwMDAwMH19",
          "dependencies": [
            "module.vpc_network.google_compute_firewall.allow_lb_health_check",
            "module.vpc_network.google_compute_firewall.allow_ssh",
            "module.vpc_network.google_compute_network.vpc_network",
            "module.vpc_network.google_compute_subnetwork.subnet"
          ]
        }
      ]
    },
    {
      "module": "module.cloud-nat",
      "mode": "managed",
      "type": "google_compute_router_nat",
      "name": "nat",
      "provider": "provider[\"registry.terraform.io/hashicorp/google\"]",
      "instances": [
        {
          "schema_version": 0,
          "attributes": {
            "auto_network_tier": "PREMIUM",
            "drain_nat_ips": [],
            "enable_dynamic_port_allocation": false,
            "enable_endpoint_independent_mapping": false,
            "endpoint_types": [
              "ENDPOINT_TYPE_VM"
            ],
            "icmp_idle_timeout_sec": 30,
            "id": "gcp-2021-2-bookshelf-kumar-tf/us-central1/bookshelf-nat-router/bookshelf-nat-config",
            "initial_nat_ips": null,
            "log_config": [],
            "max_ports_per_vm": 0,
            "min_ports_per_vm": 0,
            "name": "bookshelf-nat-config",
            "nat64_subnetwork": [],
            "nat_ip_allocate_option": "AUTO_ONLY",
            "nat_ips": [],
            "project": "gcp-2021-2-bookshelf-kumar-tf",
            "region": "us-central1",
            "router": "bookshelf-nat-router",
            "rules": [],
            "source_subnetwork_ip_ranges_to_nat": "ALL_SUBNETWORKS_ALL_IP_RANGES",
            "source_subnetwork_ip_ranges_to_nat64": "",
            "subnetwork": [],
            "tcp_established_idle_timeout_sec": 1200,
            "tcp_time_wait_timeout_sec": 120,
            "tcp_transitory_idle_timeout_sec": 30,
            "timeouts": null,
            "type": "PUBLIC",
            "udp_idle_timeout_sec": 30
          },
          "sensitive_attributes": [],
          "identity_schema_version": 0,
          "private": "eyJlMmJmYjczMC1lY2FhLTExZTYtOGY4OC0zNDM2M2JjN2M0YzAiOnsiY3JlYXRlIjoxMjAwMDAwMDAwMDAwLCJkZWxldGUiOjEyMDAwMDAwMDAwMDAsInVwZGF0ZSI6MTIwMDAwMDAwMDAwMH19",
          "dependencies": [
            "module.cloud-nat.google_compute_router.router",
            "module.vpc_network.google_compute_firewall.allow_lb_health_check",
            "module.vpc_network.google_compute_firewall.allow_ssh",
            "module.vpc_network.google_compute_network.vpc_network",
            "module.vpc_network.google_compute_subnetwork.subnet"
          ]
        }
      ]
    },
    {
      "module": "module.cloud_sql",
      "mode": "managed",
      "type": "google_compute_global_address",
      "name": "private_ip_alloc",
      "provider": "provider[\"registry.terraform.io/hashicorp/google\"]",
      "instances": [
        {
          "schema_version": 0,
          "attributes": {
            "address": "10.185.0.0",
            "address_type": "INTERNAL",
            "creation_timestamp": "2025-06-19T00:57:48.349-07:00",
            "description": "",
            "effective_labels": {
              "goog-terraform-provisioned": "true"
            },
            "id": "projects/gcp-2021-2-bookshelf-kumar-tf/global/addresses/google-managed-services-default",
            "ip_version": "",
            "label_fingerprint": "vezUS-42LLM=",
            "labels": null,
            "name": "google-managed-services-default",
            "network": "https://www.googleapis.com/compute/v1/projects/gcp-2021-2-bookshelf-kumar-tf/global/networks/custom-vpc",
            "prefix_length": 16,
            "project": "gcp-2021-2-bookshelf-kumar-tf",
            "purpose": "VPC_PEERING",
            "self_link": "https://www.googleapis.com/compute/v1/projects/gcp-2021-2-bookshelf-kumar-tf/global/addresses/google-managed-services-default",
            "terraform_labels": {
              "goog-terraform-provisioned": "true"
            },
            "timeouts": null
          },
          "sensitive_attributes": [],
          "identity_schema_version": 0,
          "private": "eyJlMmJmYjczMC1lY2FhLTExZTYtOGY4OC0zNDM2M2JjN2M0YzAiOnsiY3JlYXRlIjoxMjAwMDAwMDAwMDAwLCJkZWxldGUiOjEyMDAwMDAwMDAwMDAsInVwZGF0ZSI6MTIwMDAwMDAwMDAwMH19",
          "dependencies": [
            "module.vpc_network.google_compute_network.vpc_network"
          ]
        }
      ]
    },
    {
      "module": "module.cloud_sql",
      "mode": "managed",
      "type": "google_service_networking_connection",
      "name": "private_vpc_connection",
      "provider": "provider[\"registry.terraform.io/hashicorp/google\"]",
      "instances": [
        {
          "schema_version": 0,
          "attributes": {
            "deletion_policy": "ABANDON",
            "id": "projects%2Fgcp-2021-2-bookshelf-kumar-tf%2Fglobal%2Fnetworks%2Fcustom-vpc:servicenetworking.googleapis.com",
            "network": "projects/gcp-2021-2-bookshelf-kumar-tf/global/networks/custom-vpc",
            "peering": "servicenetworking-googleapis-com",
            "reserved_peering_ranges": [
              "google-managed-services-default"
            ],
            "service": "servicenetworking.googleapis.com",
            "timeouts": null,
            "update_on_creation_fail": null
          },
          "sensitive_attributes": [],
          "identity_schema_version": 0,
          "private": "eyJlMmJmYjczMC1lY2FhLTExZTYtOGY4OC0zNDM2M2JjN2M0YzAiOnsiY3JlYXRlIjo2MDAwMDAwMDAwMDAsImRlbGV0ZSI6NjAwMDAwMDAwMDAwLCJ1cGRhdGUiOjYwMDAwMDAwMDAwMH19",
          "dependencies": [
            "module.cloud_sql.google_compute_global_address.private_ip_alloc",
            "module.vpc_network.google_compute_network.vpc_network"
          ]
        }
      ]
    },
    {
      "module": "module.cloud_sql",
      "mode": "managed",
      "type": "google_sql_database",
      "name": "bookshelf",
      "provider": "provider[\"registry.terraform.io/hashicorp/google\"]",
      "instances": [
        {
          "schema_version": 0,
          "attributes": {
            "charset": "utf8mb4",
            "collation": "utf8mb4_0900_ai_ci",
            "deletion_policy": "DELETE",
            "id": "projects/gcp-2021-2-bookshelf-kumar-tf/instances/bookshelf-mysql-instance/databases/bookshelf",
            "instance": "bookshelf-mysql-instance",
            "name": "bookshelf",
            "project": "gcp-2021-2-bookshelf-kumar-tf",
            "self_link": "https://sqladmin.googleapis.com/sql/v1beta4/projects/gcp-2021-2-bookshelf-kumar-tf/instances/bookshelf-mysql-instance/databases/bookshelf",
            "timeouts": null
          },
          "sensitive_attributes": [],
          "identity_schema_version": 0,
          "private": "eyJlMmJmYjczMC1lY2FhLTExZTYtOGY4OC0zNDM2M2JjN2M0YzAiOnsiY3JlYXRlIjoxMjAwMDAwMDAwMDAwLCJkZWxldGUiOjEyMDAwMDAwMDAwMDAsInVwZGF0ZSI6MTIwMDAwMDAwMDAwMH19",
          "dependencies": [
            "module.cloud_sql.google_compute_global_address.private_ip_alloc",
            "module.cloud_sql.google_service_networking_connection.private_vpc_connection",
            "module.cloud_sql.google_sql_database_instance.bookshelf_mysql_instance",
            "module.vpc_network.google_compute_network.vpc_network"
          ]
        }
      ]
    },
    {
      "module": "module.cloud_sql",
      "mode": "managed",
      "type": "google_sql_database_instance",
      "name": "bookshelf_mysql_instance",
      "provider": "provider[\"registry.terraform.io/hashicorp/google\"]",
      "instances": [
        {
          "schema_version": 0,
          "attributes": {
            "available_maintenance_versions": [],
            "clone": [],
            "connection_name": "gcp-2021-2-bookshelf-kumar-tf:us-central1:bookshelf-mysql-instance",
            "database_version": "MYSQL_8_0",
            "deletion_protection": false,
            "dns_name": "",
            "dns_names": [],
            "encryption_key_name": null,
            "first_ip_address": "10.185.0.3",
            "id": "bookshelf-mysql-instance",
            "instance_type": "CLOUD_SQL_INSTANCE",
            "ip_address": [
              {
                "ip_address": "10.185.0.3",
                "time_to_retire": "",
                "type": "PRIVATE"
              }
            ],
            "maintenance_version": "MYSQL_8_0_41.R20250304.00_05",
            "master_instance_name": "",
            "name": "bookshelf-mysql-instance",
            "private_ip_address": "10.185.0.3",
            "project": "gcp-2021-2-bookshelf-kumar-tf",
            "psc_service_attachment_link": "",
            "public_ip_address": "",
            "region": "us-central1",
            "replica_configuration": [],
            "replica_names": [],
            "replication_cluster": [
              {
                "dr_replica": false,
                "failover_dr_replica_name": ""
              }
            ],
            "restore_backup_context": [],
            "root_password": null,
            "self_link": "https://sqladmin.googleapis.com/sql/v1beta4/projects/gcp-2021-2-bookshelf-kumar-tf/instances/bookshelf-mysql-instance",
            "server_ca_cert": [
              {
                "cert": "-----BEGIN CERTIFICATE-----\nMIIDfzCCAmegAwIBAgIBADANBgkqhkiG9w0BAQsFADB3MS0wKwYDVQQuEyQxYjJm\nOWQ3Ny00YWJlLTQ3NzAtYWFlYi1jYWFhZDlkMmI1Y2UxIzAhBgNVBAMTGkdvb2ds\nZSBDbG91ZCBTUUwgU2VydmVyIENBMRQwEgYDVQQKEwtHb29nbGUsIEluYzELMAkG\nA1UEBhMCVVMwHhcNMjUwNjE5MDgwMDU0WhcNMzUwNjE3MDgwMTU0WjB3MS0wKwYD\nVQQuEyQxYjJmOWQ3Ny00YWJlLTQ3NzAtYWFlYi1jYWFhZDlkMmI1Y2UxIzAhBgNV\nBAMTGkdvb2dsZSBDbG91ZCBTUUwgU2VydmVyIENBMRQwEgYDVQQKEwtHb29nbGUs\nIEluYzELMAkGA1UEBhMCVVMwggEiMA0GCSqGSIb3DQEBAQUAA4IBDwAwggEKAoIB\nAQCbrpLmvbcZ4GL8kM0Jf42KTR5YoC4q3uegLEzAI2aQUwpGHTevIbRCuHSI1hql\nn79YeqrULaMvwbYO2jMPctxhQ6arCJXpgZGfTMRTUCM8U8QRF/YP71by0qK4XKB5\nRkfqXDJLCwa0P8RWDzgGO16DUG5u7BAuWrH4Y68N6hiv8b6cI6qNH4PCbJwum0fh\nzHxH43N0sk1iiBXYKjvCGGd6B6LkXLcam2FoUmxrNqiz7tiP87RXCj1dCHRP0HZ1\noV5VpuqPOEjORdC6JdTGpfRrNl2+b7/72l3on0x/s6PFaMvxoOfmfF5Ce+qVrF6T\nvcceDOZwmFPeeem8LFO0q2IlAgMBAAGjFjAUMBIGA1UdEwEB/wQIMAYBAf8CAQAw\nDQYJKoZIhvcNAQELBQADggEBAJVJ62NptnRf0Owl4ku0VGEG3qCO/9yfKsufkNuU\nuBDLTEglPh8tq8zL38mJmgVW/fHDLLrSBBpp1z26yfH2dgRe/seIr6Yw2FNOSOC0\nWZ0IigDB5didx4BDLKUPClrmnj0t2FvSmVYynA1c6mIhfhHxkEjA5c4QH0psVPhz\nnu04GUBRrXfh02nVsEWA0lGVyXZb9TnkK8pYSmA3Y1lD6kwZNxSGZDtT2rSnzNIG\npq7rUFsvhkjnEH9JR2VLHQ2wOinZcr1XUF1JO/bA57BcD9e9cUtFY7n0OY0DEEvd\n4ruKGRtvS9+VrxI0YhYrRy3I1OxuZLz94tBn3TVSTuxTows=\n-----END CERTIFICATE-----",
                "common_name": "C=US,O=Google\\, Inc,CN=Google Cloud SQL Server CA,dnQualifier=1b2f9d77-4abe-4770-aaeb-caaad9d2b5ce",
                "create_time": "2025-06-19T08:00:54.555Z",
                "expiration_time": "2035-06-17T08:01:54.555Z",
                "sha1_fingerprint": "03303eeefc54761ed0f8f1ec5c58b5218a0c212c"
              }
            ],
            "service_account_email_address": "p993898936386-z2px65@gcp-sa-cloud-sql.iam.gserviceaccount.com",
            "settings": [
              {
                "activation_policy": "ALWAYS",
                "active_directory_config": [],
                "advanced_machine_features": [],
                "availability_type": "ZONAL",
                "backup_configuration": [
                  {
                    "backup_retention_settings": [
                      {
                        "retained_backups": 7,
                        "retention_unit": "COUNT"
                      }
                    ],
                    "binary_log_enabled": false,
                    "enabled": false,
                    "location": "",
                    "point_in_time_recovery_enabled": false,
                    "start_time": "15:00",
                    "transaction_log_retention_days": 7
                  }
                ],
                "collation": "",
                "connection_pool_config": [],
                "connector_enforcement": "NOT_REQUIRED",
                "data_cache_config": [
                  {
                    "data_cache_enabled": false
                  }
                ],
                "database_flags": [],
                "deletion_protection_enabled": false,
                "deny_maintenance_period": [],
                "disk_autoresize": true,
                "disk_autoresize_limit": 0,
                "disk_size": 10,
                "disk_type": "PD_SSD",
                "edition": "ENTERPRISE",
                "enable_dataplex_integration": false,
                "enable_google_ml_integration": false,
                "insights_config": [],
                "ip_configuration": [
                  {
                    "allocated_ip_range": "",
                    "authorized_networks": [],
                    "custom_subject_alternative_names": null,
                    "enable_private_path_for_google_cloud_services": false,
                    "ipv4_enabled": false,
                    "private_network": "projects/gcp-2021-2-bookshelf-kumar-tf/global/networks/custom-vpc",
                    "psc_config": [],
                    "server_ca_mode": "GOOGLE_MANAGED_INTERNAL_CA",
                    "server_ca_pool": "",
                    "ssl_mode": "ALLOW_UNENCRYPTED_AND_ENCRYPTED"
                  }
                ],
                "location_preference": [
                  {
                    "follow_gae_application": "",
                    "secondary_zone": "",
                    "zone": "us-central1-a"
                  }
                ],
                "maintenance_window": [],
                "password_validation_policy": [],
                "pricing_plan": "PER_USE",
                "retain_backups_on_delete": false,
                "sql_server_audit_config": [],
                "tier": "db-g1-small",
                "time_zone": "",
                "user_labels": {},
                "version": 1
              }
            ],
            "timeouts": null
          },
          "sensitive_attributes": [
            [
              {
                "type": "get_attr",
                "value": "root_password"
              }
            ],
            [
              {
                "type": "get_attr",
                "value": "server_ca_cert"
              }
            ]
          ],
          "identity_schema_version": 0,
          "private": "eyJlMmJmYjczMC1lY2FhLTExZTYtOGY4OC0zNDM2M2JjN2M0YzAiOnsiY3JlYXRlIjo1NDAwMDAwMDAwMDAwLCJkZWxldGUiOjU0MDAwMDAwMDAwMDAsInVwZGF0ZSI6NTQwMDAwMDAwMDAwMH19",
          "dependencies": [
            "module.cloud_sql.google_compute_global_address.private_ip_alloc",
            "module.cloud_sql.google_service_networking_connection.private_vpc_connection",
            "module.vpc_network.google_compute_network.vpc_network"
          ]
        }
      ]
    },
    {
      "module": "module.cloud_sql",
      "mode": "managed",
      "type": "google_sql_user",
      "name": "root_user",
      "provider": "provider[\"registry.terraform.io/hashicorp/google\"]",
      "instances": [
        {
          "schema_version": 1,
          "attributes": {
            "deletion_policy": null,
            "host": "%",
            "id": "admin-bookshelf/%/bookshelf-mysql-instance",
            "instance": "bookshelf-mysql-instance",
            "name": "admin-bookshelf",
            "password": null,
            "password_policy": [],
            "password_wo": null,
            "password_wo_version": null,
            "project": "gcp-2021-2-bookshelf-kumar-tf",
            "sql_server_user_details": [],
            "timeouts": null,
            "type": ""
          },
          "sensitive_attributes": [
            [
              {
                "type": "get_attr",
                "value": "password"
              }
            ]
          ],
          "identity_schema_version": 0,
          "private": "eyJlMmJmYjczMC1lY2FhLTExZTYtOGY4OC0zNDM2M2JjN2M0YzAiOnsiY3JlYXRlIjo2MDAwMDAwMDAwMDAsImRlbGV0ZSI6NjAwMDAwMDAwMDAwLCJ1cGRhdGUiOjYwMDAwMDAwMDAwMH0sInNjaGVtYV92ZXJzaW9uIjoiMSJ9",
          "dependencies": [
            "module.cloud_sql.google_compute_global_address.private_ip_alloc",
            "module.cloud_sql.google_service_networking_connection.private_vpc_connection",
            "module.cloud_sql.google_sql_database_instance.bookshelf_mysql_instance",
            "module.vpc_network.google_compute_network.vpc_network"
          ]
        }
      ]
    },
    {
      "module": "module.health_check",
      "mode": "managed",
      "type": "google_compute_health_check",
      "name": "bookshelf_health_check",
      "provider": "provider[\"registry.terraform.io/hashicorp/google\"]",
      "instances": [
        {
          "schema_version": 0,
          "attributes": {
            "check_interval_sec": 30,
            "creation_timestamp": "2025-06-19T00:57:36.157-07:00",
            "description": "",
            "grpc_health_check": [],
            "healthy_threshold": 2,
            "http2_health_check": [],
            "http_health_check": [
              {
                "host": "",
                "port": 8080,
                "port_name": "",
                "port_specification": "",
                "proxy_header": "NONE",
                "request_path": "/_ah/health",
                "response": ""
              }
            ],
            "https_health_check": [],
            "id": "projects/gcp-2021-2-bookshelf-kumar-tf/global/healthChecks/bookshelf-health-check",
            "log_config": [
              {
                "enable": false
              }
            ],
            "name": "bookshelf-health-check",
            "project": "gcp-2021-2-bookshelf-kumar-tf",
            "self_link": "https://www.googleapis.com/compute/v1/projects/gcp-2021-2-bookshelf-kumar-tf/global/healthChecks/bookshelf-health-check",
            "source_regions": null,
            "ssl_health_check": [],
            "tcp_health_check": [],
            "timeout_sec": 10,
            "timeouts": null,
            "type": "HTTP",
            "unhealthy_threshold": 2
          },
          "sensitive_attributes": [],
          "identity_schema_version": 0,
          "private": "eyJlMmJmYjczMC1lY2FhLTExZTYtOGY4OC0zNDM2M2JjN2M0YzAiOnsiY3JlYXRlIjoxMjAwMDAwMDAwMDAwLCJkZWxldGUiOjEyMDAwMDAwMDAwMDAsInVwZGF0ZSI6MTIwMDAwMDAwMDAwMH19"
        }
      ]
    },
    {
      "module": "module.instance_template",
      "mode": "managed",
      "type": "google_compute_instance_template",
      "name": "instance_template",
      "provider": "provider[\"registry.terraform.io/hashicorp/google\"]",
      "instances": [
        {
          "schema_version": 1,
          "attributes": {
            "advanced_machine_features": [],
            "can_ip_forward": false,
            "confidential_instance_config": null,
            "creation_timestamp": "2025-06-19T01:04:38.880-07:00",
            "description": "",
            "disk": [
              {
                "architecture": "",
                "auto_delete": true,
                "boot": true,
                "device_name": "persistent-disk-0",
                "disk_encryption_key": [],
                "disk_name": "",
                "disk_size_gb": 0,
                "disk_type": "pd-standard",
                "guest_os_features": null,
                "interface": "SCSI",
                "labels": null,
                "mode": "READ_WRITE",
                "provisioned_iops": 0,
                "provisioned_throughput": 0,
                "resource_manager_tags": null,
                "resource_policies": null,
                "source": "",
                "source_image": "projects/debian-cloud/global/images/family/debian-12",
                "source_image_encryption_key": [],
                "source_snapshot": "",
                "source_snapshot_encryption_key": [],
                "type": "PERSISTENT"
              }
            ],
            "effective_labels": {
              "goog-terraform-provisioned": "true"
            },
            "guest_accelerator": [],
            "id": "projects/gcp-2021-2-bookshelf-kumar-tf/global/instanceTemplates/bookshelf-instance-template",
            "instance_description": "",
            "key_revocation_action_type": "",
            "labels": null,
            "machine_type": "c2-standard-4",
            "metadata": null,
            "metadata_fingerprint": "WhItyxiecLI=",
            "metadata_startup_script": "#!/bin/bash\nsleep 20\n\nset -e\nexec \u003e /var/log/startup-script.log 2\u003e\u00261\n\nsudo -u alok_kumar_chauhann -i bash \u003c\u003c'EOF'\n\nset -ex\n\nsudo apt update -y\nsudo apt install -y git\nsudo apt install -y software-properties-common\nsudo add-apt-repository --yes --update ppa:ansible/ansible 2\u003e/dev/null || true\nsudo apt install -y ansible\ngit clone https://github.com/Alokakc/bookshelf-playbook.git /home/alok_kumar_chauhann/project\n\nsudo -u alok_kumar_chauhann ansible-playbook /home/alok_kumar_chauhann/project/playbook-bookshelf.yml \\\n  -e \"project_id=gcp-2021-2-bookshelf-kumar-tf \\\n      cloudsql_user=admin-bookshelf \\\n      cloudsql_password=12345678 \\\n      cloudsql_database=bookshelf \\\n      cloudsql_connection_name=gcp-2021-2-bookshelf-kumar-tf:us-central1:bookshelf-mysql-instance \\\n      cloud_storage_bucket=tf-bookshelf-alok-kumar \\\n      google_oauth2_client_id=993898936386-qf6ia7agt4tf964b6pjegkk7u4vgos88.apps.googleusercontent.com \\\n      google_oauth2_client_secret=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\"",
            "min_cpu_platform": "",
            "name": "bookshelf-instance-template",
            "name_prefix": null,
            "network_interface": [
              {
                "access_config": [],
                "alias_ip_range": [],
                "internal_ipv6_prefix_length": 0,
                "ipv6_access_config": [],
                "ipv6_access_type": "",
                "ipv6_address": "",
                "name": "nic0",
                "network": "https://www.googleapis.com/compute/v1/projects/gcp-2021-2-bookshelf-kumar-tf/global/networks/custom-vpc",
                "network_ip": "",
                "nic_type": "",
                "queue_count": 0,
                "stack_type": "",
                "subnetwork": "https://www.googleapis.com/compute/v1/projects/gcp-2021-2-bookshelf-kumar-tf/regions/us-central1/subnetworks/custom-vpc-subnet",
                "subnetwork_project": "gcp-2021-2-bookshelf-kumar-tf"
              }
            ],
            "network_performance_config": [],
            "numeric_id": "7889435659704629881",
            "project": "gcp-2021-2-bookshelf-kumar-tf",
            "region": "us-central1",
            "reservation_affinity": [],
            "resource_manager_tags": null,
            "resource_policies": null,
            "scheduling": [
              {
                "automatic_restart": true,
                "availability_domain": 0,
                "instance_termination_action": "",
                "local_ssd_recovery_timeout": [],
                "max_run_duration": [],
                "min_node_cpus": 0,
                "node_affinities": [],
                "on_host_maintenance": "MIGRATE",
                "on_instance_stop_action": [],
                "preemptible": false,
                "provisioning_model": "STANDARD",
                "termination_time": ""
              }
            ],
            "self_link": "https://www.googleapis.com/compute/v1/projects/gcp-2021-2-bookshelf-kumar-tf/global/instanceTemplates/bookshelf-instance-template",
            "self_link_unique": "https://www.googleapis.com/compute/v1/projects/gcp-2021-2-bookshelf-kumar-tf/global/instanceTemplates/bookshelf-instance-template?uniqueId=7889435659704629881",
            "service_account": [
              {
                "email": "custom-terraform-service-accou@gcp-2021-2-bookshelf-kumar-tf.iam.gserviceaccount.com",
                "scopes": [
                  "https://www.googleapis.com/auth/cloud-platform"
                ]
              }
            ],
            "shielded_instance_config": [],
            "tags": [
              "lb-health-check"
            ],
            "tags_fingerprint": "",
            "terraform_labels": {
              "goog-terraform-provisioned": "true"
            },
            "timeouts": null
          },
          "sensitive_attributes": [],
          "identity_schema_version": 0,
          "private": "eyJlMmJmYjczMC1lY2FhLTExZTYtOGY4OC0zNDM2M2JjN2M0YzAiOnsiY3JlYXRlIjoyNDAwMDAwMDAwMDAsImRlbGV0ZSI6MjQwMDAwMDAwMDAwfSwic2NoZW1hX3ZlcnNpb24iOiIxIn0=",
          "dependencies": [
            "module.cloud_sql.google_compute_global_address.private_ip_alloc",
            "module.cloud_sql.google_service_networking_connection.private_vpc_connection",
            "module.cloud_sql.google_sql_database_instance.bookshelf_mysql_instance",
            "module.vpc_network.google_compute_network.vpc_network",
            "module.vpc_network.google_compute_subnetwork.subnet"
          ]
        }
      ]
    },
    {
      "module": "module.load_balancer",
      "mode": "managed",
      "type": "google_compute_backend_service",
      "name": "app_backend",
      "provider": "provider[\"registry.terraform.io/hashicorp/google\"]",
      "instances": [
        {
          "schema_version": 1,
          "attributes": {
            "affinity_cookie_ttl_sec": 0,
            "backend": [
              {
                "balancing_mode": "UTILIZATION",
                "capacity_scaler": 1,
                "custom_metrics": [],
                "description": "",
                "group": "https://www.googleapis.com/compute/v1/projects/gcp-2021-2-bookshelf-kumar-tf/regions/us-central1/instanceGroups/bookshelf-managed-instance-group",
                "max_connections": 0,
                "max_connections_per_endpoint": 0,
                "max_connections_per_instance": 0,
                "max_rate": 0,
                "max_rate_per_endpoint": 0,
                "max_rate_per_instance": 0,
                "max_utilization": 0.8,
                "preference": ""
              }
            ],
            "cdn_policy": [],
            "circuit_breakers": [],
            "compression_mode": "",
            "connection_draining_timeout_sec": 300,
            "consistent_hash": [],
            "creation_timestamp": "2025-06-19T01:05:41.671-07:00",
            "custom_metrics": [],
            "custom_request_headers": null,
            "custom_response_headers": null,
            "description": "",
            "edge_security_policy": "",
            "enable_cdn": false,
            "external_managed_migration_state": "",
            "external_managed_migration_testing_percentage": 0,
            "fingerprint": "sf7eYvAZ87Q=",
            "generated_id": 1256671579492743738,
            "health_checks": [
              "projects/gcp-2021-2-bookshelf-kumar-tf/global/healthChecks/bookshelf-health-check"
            ],
            "iap": [],
            "id": "projects/gcp-2021-2-bookshelf-kumar-tf/global/backendServices/bookshelf-backend-service",
            "ip_address_selection_policy": "",
            "load_balancing_scheme": "EXTERNAL",
            "locality_lb_policies": [],
            "locality_lb_policy": "",
            "log_config": [],
            "max_stream_duration": [],
            "name": "bookshelf-backend-service",
            "outlier_detection": [],
            "port_name": "http",
            "project": "gcp-2021-2-bookshelf-kumar-tf",
            "protocol": "HTTP",
            "security_policy": "",
            "security_settings": [],
            "self_link": "https://www.googleapis.com/compute/v1/projects/gcp-2021-2-bookshelf-kumar-tf/global/backendServices/bookshelf-backend-service",
            "service_lb_policy": "",
            "session_affinity": "NONE",
            "strong_session_affinity_cookie": [],
            "timeout_sec": 30,
            "timeouts": null
          },
          "sensitive_attributes": [],
          "identity_schema_version": 0,
          "private": "eyJlMmJmYjczMC1lY2FhLTExZTYtOGY4OC0zNDM2M2JjN2M0YzAiOnsiY3JlYXRlIjoxMjAwMDAwMDAwMDAwLCJkZWxldGUiOjEyMDAwMDAwMDAwMDAsInVwZGF0ZSI6MTIwMDAwMDAwMDAwMH0sInNjaGVtYV92ZXJzaW9uIjoiMSJ9",
          "dependencies": [
            "module.app_server.google_compute_region_instance_group_manager.appserver",
            "module.cloud_sql.google_compute_global_address.private_ip_alloc",
            "module.cloud_sql.google_service_networking_connection.private_vpc_connection",
            "module.cloud_sql.google_sql_database_instance.bookshelf_mysql_instance",
            "module.health_check.google_compute_health_check.bookshelf_health_check",
            "module.instance_template.google_compute_instance_template.instance_template",
            "module.vpc_network.google_compute_network.vpc_network",
            "module.vpc_network.google_compute_subnetwork.subnet"
          ]
        }
      ]
    },
    {
      "module": "module.load_balancer",
      "mode": "managed",
      "type": "google_compute_global_address",
      "name": "external_ip",
      "provider": "provider[\"registry.terraform.io/hashicorp/google\"]",
      "instances": [
        {
          "schema_version": 0,
          "attributes": {
            "address": "34.120.106.198",
            "address_type": "EXTERNAL",
            "creation_timestamp": "2025-06-19T00:57:36.357-07:00",
            "description": "Static global external IP for my application",
            "effective_labels": {
              "goog-terraform-provisioned": "true"
            },
            "id": "projects/gcp-2021-2-bookshelf-kumar-tf/global/addresses/lb-external-ip",
            "ip_version": "",
            "label_fingerprint": "vezUS-42LLM=",
            "labels": null,
            "name": "lb-external-ip",
            "network": "",
            "prefix_length": 0,
            "project": "gcp-2021-2-bookshelf-kumar-tf",
            "purpose": "",
            "self_link": "https://www.googleapis.com/compute/v1/projects/gcp-2021-2-bookshelf-kumar-tf/global/addresses/lb-external-ip",
            "terraform_labels": {
              "goog-terraform-provisioned": "true"
            },
            "timeouts": null
          },
          "sensitive_attributes": [],
          "identity_schema_version": 0,
          "private": "eyJlMmJmYjczMC1lY2FhLTExZTYtOGY4OC0zNDM2M2JjN2M0YzAiOnsiY3JlYXRlIjoxMjAwMDAwMDAwMDAwLCJkZWxldGUiOjEyMDAwMDAwMDAwMDAsInVwZGF0ZSI6MTIwMDAwMDAwMDAwMH19"
        }
      ]
    },
    {
      "module": "module.load_balancer",
      "mode": "managed",
      "type": "google_compute_global_forwarding_rule",
      "name": "app_lb",
      "provider": "provider[\"registry.terraform.io/hashicorp/google\"]",
      "instances": [
        {
          "schema_version": 0,
          "attributes": {
            "base_forwarding_rule": "",
            "description": "",
            "effective_labels": {},
            "external_managed_backend_bucket_migration_state": "",
            "external_managed_backend_bucket_migration_testing_percentage": 0,
            "forwarding_rule_id": 4285464834251586518,
            "id": "projects/gcp-2021-2-bookshelf-kumar-tf/global/forwardingRules/bookshelf-lb-forwarding-rule",
            "ip_address": "34.120.106.198",
            "ip_protocol": "TCP",
            "ip_version": "",
            "label_fingerprint": "42WmSpB8rSM=",
            "labels": null,
            "load_balancing_scheme": "EXTERNAL",
            "metadata_filters": [],
            "name": "bookshelf-lb-forwarding-rule",
            "network": "",
            "network_tier": "PREMIUM",
            "no_automate_dns_zone": null,
            "port_range": "80-80",
            "project": "gcp-2021-2-bookshelf-kumar-tf",
            "psc_connection_id": "",
            "psc_connection_status": "",
            "self_link": "https://www.googleapis.com/compute/v1/projects/gcp-2021-2-bookshelf-kumar-tf/global/forwardingRules/bookshelf-lb-forwarding-rule",
            "service_directory_registrations": [],
            "source_ip_ranges": null,
            "subnetwork": "",
            "target": "https://www.googleapis.com/compute/v1/projects/gcp-2021-2-bookshelf-kumar-tf/global/targetHttpProxies/bookshelf-http-proxy",
            "terraform_labels": {},
            "timeouts": null
          },
          "sensitive_attributes": [],
          "identity_schema_version": 0,
          "private": "eyJlMmJmYjczMC1lY2FhLTExZTYtOGY4OC0zNDM2M2JjN2M0YzAiOnsiY3JlYXRlIjoxMjAwMDAwMDAwMDAwLCJkZWxldGUiOjEyMDAwMDAwMDAwMDAsInVwZGF0ZSI6MTIwMDAwMDAwMDAwMH19",
          "dependencies": [
            "module.app_server.google_compute_region_instance_group_manager.appserver",
            "module.cloud_sql.google_compute_global_address.private_ip_alloc",
            "module.cloud_sql.google_service_networking_connection.private_vpc_connection",
            "module.cloud_sql.google_sql_database_instance.bookshelf_mysql_instance",
            "module.health_check.google_compute_health_check.bookshelf_health_check",
            "module.instance_template.google_compute_instance_template.instance_template",
            "module.load_balancer.google_compute_backend_service.app_backend",
            "module.load_balancer.google_compute_global_address.external_ip",
            "module.load_balancer.google_compute_target_http_proxy.app_http_proxy",
            "module.load_balancer.google_compute_url_map.app_url_map",
            "module.vpc_network.google_compute_network.vpc_network",
            "module.vpc_network.google_compute_subnetwork.subnet"
          ]
        }
      ]
    },
    {
      "module": "module.load_balancer",
      "mode": "managed",
      "type": "google_compute_target_http_proxy",
      "name": "app_http_proxy",
      "provider": "provider[\"registry.terraform.io/hashicorp/google\"]",
      "instances": [
        {
          "schema_version": 0,
          "attributes": {
            "creation_timestamp": "2025-06-19T01:07:09.217-07:00",
            "description": "",
            "http_keep_alive_timeout_sec": 0,
            "id": "projects/gcp-2021-2-bookshelf-kumar-tf/global/targetHttpProxies/bookshelf-http-proxy",
            "name": "bookshelf-http-proxy",
            "project": "gcp-2021-2-bookshelf-kumar-tf",
            "proxy_bind": false,
            "proxy_id": 1354858208371309506,
            "self_link": "https://www.googleapis.com/compute/v1/projects/gcp-2021-2-bookshelf-kumar-tf/global/targetHttpProxies/bookshelf-http-proxy",
            "timeouts": null,
            "url_map": "https://www.googleapis.com/compute/v1/projects/gcp-2021-2-bookshelf-kumar-tf/global/urlMaps/bookshelf-url-map"
          },
          "sensitive_attributes": [],
          "identity_schema_version": 0,
          "private": "eyJlMmJmYjczMC1lY2FhLTExZTYtOGY4OC0zNDM2M2JjN2M0YzAiOnsiY3JlYXRlIjoxMjAwMDAwMDAwMDAwLCJkZWxldGUiOjEyMDAwMDAwMDAwMDAsInVwZGF0ZSI6MTIwMDAwMDAwMDAwMH19",
          "dependencies": [
            "module.app_server.google_compute_region_instance_group_manager.appserver",
            "module.cloud_sql.google_compute_global_address.private_ip_alloc",
            "module.cloud_sql.google_service_networking_connection.private_vpc_connection",
            "module.cloud_sql.google_sql_database_instance.bookshelf_mysql_instance",
            "module.health_check.google_compute_health_check.bookshelf_health_check",
            "module.instance_template.google_compute_instance_template.instance_template",
            "module.load_balancer.google_compute_backend_service.app_backend",
            "module.load_balancer.google_compute_url_map.app_url_map",
            "module.vpc_network.google_compute_network.vpc_network",
            "module.vpc_network.google_compute_subnetwork.subnet"
          ]
        }
      ]
    },
    {
      "module": "module.load_balancer",
      "mode": "managed",
      "type": "google_compute_url_map",
      "name": "app_url_map",
      "provider": "provider[\"registry.terraform.io/hashicorp/google\"]",
      "instances": [
        {
          "schema_version": 0,
          "attributes": {
            "creation_timestamp": "2025-06-19T01:06:56.950-07:00",
            "default_route_action": [],
            "default_service": "https://www.googleapis.com/compute/v1/projects/gcp-2021-2-bookshelf-kumar-tf/global/backendServices/bookshelf-backend-service",
            "default_url_redirect": [],
            "description": "",
            "fingerprint": "wE-UJ-fACoI=",
            "header_action": [],
            "host_rule": [],
            "id": "projects/gcp-2021-2-bookshelf-kumar-tf/global/urlMaps/bookshelf-url-map",
            "map_id": 223735857519950799,
            "name": "bookshelf-url-map",
            "path_matcher": [],
            "project": "gcp-2021-2-bookshelf-kumar-tf",
            "self_link": "https://www.googleapis.com/compute/v1/projects/gcp-2021-2-bookshelf-kumar-tf/global/urlMaps/bookshelf-url-map",
            "test": [],
            "timeouts": null
          },
          "sensitive_attributes": [],
          "identity_schema_version": 0,
          "private": "eyJlMmJmYjczMC1lY2FhLTExZTYtOGY4OC0zNDM2M2JjN2M0YzAiOnsiY3JlYXRlIjoxMjAwMDAwMDAwMDAwLCJkZWxldGUiOjEyMDAwMDAwMDAwMDAsInVwZGF0ZSI6MTIwMDAwMDAwMDAwMH19",
          "dependencies": [
            "module.app_server.google_compute_region_instance_group_manager.appserver",
            "module.cloud_sql.google_compute_global_address.private_ip_alloc",
            "module.cloud_sql.google_service_networking_connection.private_vpc_connection",
            "module.cloud_sql.google_sql_database_instance.bookshelf_mysql_instance",
            "module.health_check.google_compute_health_check.bookshelf_health_check",
            "module.instance_template.google_compute_instance_template.instance_template",
            "module.load_balancer.google_compute_backend_service.app_backend",
            "module.vpc_network.google_compute_network.vpc_network",
            "module.vpc_network.google_compute_subnetwork.subnet"
          ]
        }
      ]
    },
    {
      "module": "module.vpc_network",
      "mode": "managed",
      "type": "google_compute_firewall",
      "name": "allow_lb_health_check",
      "provider": "provider[\"registry.terraform.io/hashicorp/google\"]",
      "instances": [
        {
          "schema_version": 1,
          "attributes": {
            "allow": [
              {
                "ports": [
                  "8080"
                ],
                "protocol": "tcp"
              }
            ],
            "creation_timestamp": "2025-06-19T00:57:48.306-07:00",
            "deny": [],
            "description": "Allow health-check from Load Balancer",
            "destination_ranges": [],
            "direction": "INGRESS",
            "disabled": false,
            "enable_logging": null,
            "id": "projects/gcp-2021-2-bookshelf-kumar-tf/global/firewalls/allow-lb-health-check",
            "log_config": [],
            "name": "allow-lb-health-check",
            "network": "https://www.googleapis.com/compute/v1/projects/gcp-2021-2-bookshelf-kumar-tf/global/networks/custom-vpc",
            "priority": 1000,
            "project": "gcp-2021-2-bookshelf-kumar-tf",
            "self_link": "https://www.googleapis.com/compute/v1/projects/gcp-2021-2-bookshelf-kumar-tf/global/firewalls/allow-lb-health-check",
            "source_ranges": [
              "130.211.0.0/22",
              "35.191.0.0/16"
            ],
            "source_service_accounts": null,
            "source_tags": null,
            "target_service_accounts": null,
            "target_tags": [
              "lb-health-check"
            ],
            "timeouts": null
          },
          "sensitive_attributes": [],
          "identity_schema_version": 0,
          "private": "eyJlMmJmYjczMC1lY2FhLTExZTYtOGY4OC0zNDM2M2JjN2M0YzAiOnsiY3JlYXRlIjoxMjAwMDAwMDAwMDAwLCJkZWxldGUiOjEyMDAwMDAwMDAwMDAsInVwZGF0ZSI6MTIwMDAwMDAwMDAwMH0sInNjaGVtYV92ZXJzaW9uIjoiMSJ9",
          "dependencies": [
            "module.vpc_network.google_compute_network.vpc_network"
          ]
        }
      ]
    },
    {
      "module": "module.vpc_network",
      "mode": "managed",
      "type": "google_compute_firewall",
      "name": "allow_ssh",
      "provider": "provider[\"registry.terraform.io/hashicorp/google\"]",
      "instances": [
        {
          "schema_version": 1,
          "attributes": {
            "allow": [
              {
                "ports": [
                  "22"
                ],
                "protocol": "tcp"
              }
            ],
            "creation_timestamp": "2025-06-19T00:57:48.512-07:00",
            "deny": [],
            "description": "Allow SSH from IAP",
            "destination_ranges": [],
            "direction": "INGRESS",
            "disabled": false,
            "enable_logging": null,
            "id": "projects/gcp-2021-2-bookshelf-kumar-tf/global/firewalls/allow-ssh",
            "log_config": [],
            "name": "allow-ssh",
            "network": "https://www.googleapis.com/compute/v1/projects/gcp-2021-2-bookshelf-kumar-tf/global/networks/custom-vpc",
            "priority": 1000,
            "project": "gcp-2021-2-bookshelf-kumar-tf",
            "self_link": "https://www.googleapis.com/compute/v1/projects/gcp-2021-2-bookshelf-kumar-tf/global/firewalls/allow-ssh",
            "source_ranges": [
              "35.235.240.0/20"
            ],
            "source_service_accounts": null,
            "source_tags": null,
            "target_service_accounts": null,
            "target_tags": [
              "lb-health-check"
            ],
            "timeouts": null
          },
          "sensitive_attributes": [],
          "identity_schema_version": 0,
          "private": "eyJlMmJmYjczMC1lY2FhLTExZTYtOGY4OC0zNDM2M2JjN2M0YzAiOnsiY3JlYXRlIjoxMjAwMDAwMDAwMDAwLCJkZWxldGUiOjEyMDAwMDAwMDAwMDAsInVwZGF0ZSI6MTIwMDAwMDAwMDAwMH0sInNjaGVtYV92ZXJzaW9uIjoiMSJ9",
          "dependencies": [
            "module.vpc_network.google_compute_network.vpc_network"
          ]
        }
      ]
    },
    {
      "module": "module.vpc_network",
      "mode": "managed",
      "type": "google_compute_network",
      "name": "vpc_network",
      "provider": "provider[\"registry.terraform.io/hashicorp/google\"]",
      "instances": [
        {
          "schema_version": 0,
          "attributes": {
            "auto_create_subnetworks": false,
            "bgp_always_compare_med": false,
            "bgp_best_path_selection_mode": "LEGACY",
            "bgp_inter_region_cost": "",
            "delete_default_routes_on_create": false,
            "description": "",
            "enable_ula_internal_ipv6": false,
            "gateway_ipv4": "",
            "id": "projects/gcp-2021-2-bookshelf-kumar-tf/global/networks/custom-vpc",
            "internal_ipv6_range": "",
            "mtu": 0,
            "name": "custom-vpc",
            "network_firewall_policy_enforcement_order": "AFTER_CLASSIC_FIREWALL",
            "network_id": "267917202546392095",
            "network_profile": "",
            "numeric_id": "267917202546392095",
            "project": "gcp-2021-2-bookshelf-kumar-tf",
            "routing_mode": "REGIONAL",
            "self_link": "https://www.googleapis.com/compute/v1/projects/gcp-2021-2-bookshelf-kumar-tf/global/networks/custom-vpc",
            "timeouts": null
          },
          "sensitive_attributes": [],
          "identity_schema_version": 0,
          "private": "eyJlMmJmYjczMC1lY2FhLTExZTYtOGY4OC0zNDM2M2JjN2M0YzAiOnsiY3JlYXRlIjoxMjAwMDAwMDAwMDAwLCJkZWxldGUiOjEyMDAwMDAwMDAwMDAsInVwZGF0ZSI6MTIwMDAwMDAwMDAwMH19"
        }
      ]
    },
    {
      "module": "module.vpc_network",
      "mode": "managed",
      "type": "google_compute_subnetwork",
      "name": "subnet",
      "provider": "provider[\"registry.terraform.io/hashicorp/google\"]",
      "instances": [
        {
          "schema_version": 0,
          "attributes": {
            "creation_timestamp": "2025-06-19T00:57:48.300-07:00",
            "description": "",
            "enable_flow_logs": false,
            "external_ipv6_prefix": "",
            "fingerprint": null,
            "gateway_address": "10.1.0.1",
            "id": "projects/gcp-2021-2-bookshelf-kumar-tf/regions/us-central1/subnetworks/custom-vpc-subnet",
            "internal_ipv6_prefix": "",
            "ip_cidr_range": "10.1.0.0/24",
            "ip_collection": null,
            "ipv6_access_type": "",
            "ipv6_cidr_range": "",
            "ipv6_gce_endpoint": "",
            "log_config": [],
            "name": "custom-vpc-subnet",
            "network": "https://www.googleapis.com/compute/v1/projects/gcp-2021-2-bookshelf-kumar-tf/global/networks/custom-vpc",
            "private_ip_google_access": false,
            "private_ipv6_google_access": "DISABLE_GOOGLE_ACCESS",
            "project": "gcp-2021-2-bookshelf-kumar-tf",
            "purpose": "PRIVATE",
            "region": "us-central1",
            "reserved_internal_range": "",
            "role": "",
            "secondary_ip_range": [],
            "self_link": "https://www.googleapis.com/compute/v1/projects/gcp-2021-2-bookshelf-kumar-tf/regions/us-central1/subnetworks/custom-vpc-subnet",
            "send_secondary_ip_range_if_empty": null,
            "stack_type": "IPV4_ONLY",
            "state": "",
            "subnetwork_id": 1195002025285155859,
            "timeouts": null
          },
          "sensitive_attributes": [],
          "identity_schema_version": 0,
          "private": "eyJlMmJmYjczMC1lY2FhLTExZTYtOGY4OC0zNDM2M2JjN2M0YzAiOnsiY3JlYXRlIjoxMjAwMDAwMDAwMDAwLCJkZWxldGUiOjEyMDAwMDAwMDAwMDAsInVwZGF0ZSI6MTIwMDAwMDAwMDAwMH19",
          "dependencies": [
            "module.vpc_network.google_compute_network.vpc_network"
          ]
        }
      ]
    }
  ],
  "check_results": null
}
